{
  "nodes": {
    "nixpkgs": {
      "locked": {
        "lastModified": 1789546076,
        "narHash": "sha256-zVxLZiSnmaaPLwnhj7pwmqe3axBg/C6nG5JZsJMh2g4=",
        "owner": "NixOS",
        "repo": "nixpkgs",
        "rev": "b1b875982b17dabde9b4a37f3e229e74913e6db3",
        "type": "github"
      },
      "original": {
        "owner": "NixOS",
        "ref": "nixos-unstable",
        "repo": "nixpkgs",
        "type": "github"
      }
    },
    "polysearch": {
      "flake": false,
      "locked": {
        "lastModified": 1790587357,
        "narHash": "sha256-JJhX4FXGKhsKn0XerMNOMzwRG6Jrog0t2XEZU25i4XU=",
        "ref": "refs/heads/main",
        "rev": "dfd400fff9140ad418e64c6fd03cd468648b1808",
        "revCount": 6,
        "type": "git",
        "url": "file:///home/ray/Develop/polysearch"
      },
      "original": {
        "type": "git",
        "url": "file:///home/ray/Develop/polysearch"
      }
    },
    "root": {
      "inputs": {
        "nixpkgs": "nixpkgs",
        "polysearch": "polysearch"
      }
    }
  },
  "root": "root",
  "version": 7
}
